
Microsoft Visual Studio Solution File, Format Version 12.00
# Visual Studio Version 17
VisualStudioVersion = 17.0.31903.59
MinimumVisualStudioVersion = 10.0.40219.1
Project("{FAE04EC0-301F-11D3-BF4B-00C04F79EFBC}") = "module 3", "module 3.csproj", "{3FD27BCD-3A12-4688-92D5-A14247638986}"
EndProject
Project("{FAE04EC0-301F-11D3-BF4B-00C04F79EFBC}") = "module_3.Commom", "module_3.Commom\module 3.Commom.csproj", "{61164EAA-BD26-4C3D-A078-BCA7D7401096}"
EndProject
Global
	GlobalSection(SolutionConfigurationPlatforms) = preSolution
		Debug|Any CPU = Debug|Any CPU
		Release|Any CPU = Release|Any CPU
	EndGlobalSection
	GlobalSection(SolutionProperties) = preSolution
		HideSolutionNode = FALSE
	EndGlobalSection
	GlobalSection(ProjectConfigurationPlatforms) = postSolution
		{3FD27BCD-3A12-4688-92D5-A14247638986}.Debug|Any CPU.ActiveCfg = Debug|Any CPU
		{3FD27BCD-3A12-4688-92D5-A14247638986}.Debug|Any CPU.Build.0 = Debug|Any CPU
		{3FD27BCD-3A12-4688-92D5-A14247638986}.Release|Any CPU.ActiveCfg = Release|Any CPU
		{3FD27BCD-3A12-4688-92D5-A14247638986}.Release|Any CPU.Build.0 = Release|Any CPU
		{61164EAA-BD26-4C3D-A078-BCA7D7401096}.Debug|Any CPU.ActiveCfg = Debug|Any CPU
		{61164EAA-BD26-4C3D-A078-BCA7D7401096}.Debug|Any CPU.Build.0 = Debug|Any CPU
		{61164EAA-BD26-4C3D-A078-BCA7D7401096}.Release|Any CPU.ActiveCfg = Release|Any CPU
		{61164EAA-BD26-4C3D-A078-BCA7D7401096}.Release|Any CPU.Build.0 = Release|Any CPU
	EndGlobalSection
EndGlobal
